// !$*UTF8*$!
{
	archiveVersion = 1;
	classes = {
	};
	objectVersion = 48;
	objects = {

/* Begin PBXBuildFile section */
		40704B701FD09C1000496AEC /* AppDelegate.swift in Sources */ = {isa = PBXBuildFile; fileRef = 40704B6F1FD09C1000496AEC /* AppDelegate.swift */; };
		40704B721FD09C1000496AEC /* ViewController.swift in Sources */ = {isa = PBXBuildFile; fileRef = 40704B711FD09C1000496AEC /* ViewController.swift */; };
		40704B751FD09C1000496AEC /* Main.storyboard in Resources */ = {isa = PBXBuildFile; fileRef = 40704B731FD09C1000496AEC /* Main.storyboard */; };
		40704B771FD09C1000496AEC /* Assets.xcassets in Resources */ = {isa = PBXBuildFile; fileRef = 40704B761FD09C1000496AEC /* Assets.xcassets */; };
		40704B7A1FD09C1000496AEC /* LaunchScreen.storyboard in Resources */ = {isa = PBXBuildFile; fileRef = 40704B781FD09C1000496AEC /* LaunchScreen.storyboard */; };
		DA9E670C092067433B382758 /* Pods_euskoeventsSusana.framework in Frameworks */ = {isa = PBXBuildFile; fileRef = A0A43AF33B9A037BD285E90D /* Pods_euskoeventsSusana.framework */; };
/* End PBXBuildFile section */

/* Begin PBXFileReference section */
		2A103D5E46D1375991A97B5B /* Pods-euskoeventsSusana.debug.xcconfig */ = {isa = PBXFileReference; includeInIndex = 1; lastKnownFileType = text.xcconfig; name = "Pods-euskoeventsSusana.debug.xcconfig"; path = "Pods/Target Support Files/Pods-euskoeventsSusana/Pods-euskoeventsSusana.debug.xcconfig"; sourceTree = "<group>"; };
		40704B6C1FD09C1000496AEC /* euskoeventsSusana.app */ = {isa = PBXFileReference; explicitFileType = wrapper.application; includeInIndex = 0; path = euskoeventsSusana.app; sourceTree = BUILT_PRODUCTS_DIR; };
		40704B6F1FD09C1000496AEC /* AppDelegate.swift */ = {isa = PBXFileReference; lastKnownFileType = sourcecode.swift; path = AppDelegate.swift; sourceTree = "<group>"; };
		40704B711FD09C1000496AEC /* ViewController.swift */ = {isa = PBXFileReference; lastKnownFileType = sourcecode.swift; path = ViewController.swift; sourceTree = "<group>"; };
		40704B741FD09C1000496AEC /* Base */ = {isa = PBXFileReference; lastKnownFileType = file.storyboard; name = Base; path = Base.lproj/Main.storyboard; sourceTree = "<group>"; };
		40704B761FD09C1000496AEC /* Assets.xcassets */ = {isa = PBXFileReference; lastKnownFileType = folder.assetcatalog; path = Assets.xcassets; sourceTree = "<group>"; };
		40704B791FD09C1000496AEC /* Base */ = {isa = PBXFileReference; lastKnownFileType = file.storyboard; name = Base; path = Base.lproj/LaunchScreen.storyboard; sourceTree = "<group>"; };
		40704B7B1FD09C1000496AEC /* Info.plist */ = {isa = PBXFileReference; lastKnownFileType = text.plist.xml; path = Info.plist; sourceTree = "<group>"; };
		A0A43AF33B9A037BD285E90D /* Pods_euskoeventsSusana.framework */ = {isa = PBXFileReference; explicitFileType = wrapper.framework; includeInIndex = 0; path = Pods_euskoeventsSusana.framework; sourceTree = BUILT_PRODUCTS_DIR; };
		CF445AEF8FC80CA1657388F5 /* Pods-euskoeventsSusana.release.xcconfig */ = {isa = PBXFileReference; includeInIndex = 1; lastKnownFileType = text.xcconfig; name = "Pods-euskoeventsSusana.release.xcconfig"; path = "Pods/Target Support Files/Pods-euskoeventsSusana/Pods-euskoeventsSusana.release.xcconfig"; sourceTree = "<group>"; };
/* End PBXFileReference section */

/* Begin PBXFrameworksBuildPhase section */
		40704B691FD09C1000496AEC /* Frameworks */ = {
			isa = PBXFrameworksBuildPhase;
			buildActionMask = 2147483647;
			files = (
				DA9E670C092067433B382758 /* Pods_euskoeventsSusana.framework in Frameworks */,
			);
			runOnlyForDeploymentPostprocessing = 0;
		};
/* End PBXFrameworksBuildPhase section */

/* Begin PBXGroup section */
		40704B631FD09C1000496AEC = {
			isa = PBXGroup;
			children = (
				40704B6E1FD09C1000496AEC /* euskoeventsSusana */,
				40704B6D1FD09C1000496AEC /* Products */,
				B5A546C827D178FC595B787E /* Pods */,
				700FF4993386925F49B9C4AD /* Frameworks */,
			);
			sourceTree = "<group>";
		};
		40704B6D1FD09C1000496AEC /* Products */ = {
			isa = PBXGroup;
			children = (
				40704B6C1FD09C1000496AEC /* euskoeventsSusana.app */,
			);
			name = Products;
			sourceTree = "<group>";
		};
		40704B6E1FD09C1000496AEC /* euskoeventsSusana */ = {
			isa = PBXGroup;
			children = (
				40704B6F1FD09C1000496AEC /* AppDelegate.swift */,
				40704B711FD09C1000496AEC /* ViewController.swift */,
				40704B731FD09C1000496AEC /* Main.storyboard */,
				40704B761FD09C1000496AEC /* Assets.xcassets */,
				40704B781FD09C1000496AEC /* LaunchScreen.storyboard */,
				40704B7B1FD09C1000496AEC /* Info.plist */,
			);
			path = euskoeventsSusana;
			sourceTree = "<group>";
		};
		700FF4993386925F49B9C4AD /* Frameworks */ = {
			isa = PBXGroup;
			children = (
				A0A43AF33B9A037BD285E90D /* Pods_euskoeventsSusana.framework */,
			);
			name = Frameworks;
			sourceTree = "<group>";
		};
		B5A546C827D178FC595B787E /* Pods */ = {
			isa = PBXGroup;
			children = (
				2A103D5E46D1375991A97B5B /* Pods-euskoeventsSusana.debug.xcconfig */,
				CF445AEF8FC80CA1657388F5 /* Pods-euskoeventsSusana.release.xcconfig */,
			);
			name = Pods;
			sourceTree = "<group>";
		};
/* End PBXGroup section */

/* Begin PBXNativeTarget section */
		40704B6B1FD09C1000496AEC /* euskoeventsSusana */ = {
			isa = PBXNativeTarget;
			buildConfigurationList = 40704B7E1FD09C1000496AEC /* Build configuration list for PBXNativeTarget "euskoeventsSusana" */;
			buildPhases = (
				9667B1FB8CEAEF638567B31A /* [CP] Check Pods Manifest.lock */,
				40704B681FD09C1000496AEC /* Sources */,
				40704B691FD09C1000496AEC /* Frameworks */,
				40704B6A1FD09C1000496AEC /* Resources */,
				CCB63D7AC9F10BE7E4530ABF /* [CP] Embed Pods Frameworks */,
				E86FA6CFB9AA12DDDB8AD069 /* [CP] Copy Pods Resources */,
			);
			buildRules = (
			);
			dependencies = (
			);
			name = euskoeventsSusana;
			productName = euskoeventsSusana;
			productReference = 40704B6C1FD09C1000496AEC /* euskoeventsSusana.app */;
			productType = "com.apple.product-type.application";
		};
/* End PBXNativeTarget section */

/* Begin PBXProject section */
		40704B641FD09C1000496AEC /* Project object */ = {
			isa = PBXProject;
			attributes = {
				LastSwiftUpdateCheck = 0910;
				LastUpgradeCheck = 0910;
				ORGANIZATIONNAME = Susana;
				TargetAttributes = {
					40704B6B1FD09C1000496AEC = {
						CreatedOnToolsVersion = 9.1;
						ProvisioningStyle = Automatic;
					};
				};
			};
			buildConfigurationList = 40704B671FD09C1000496AEC /* Build configuration list for PBXProject "euskoeventsSusana" */;
			compatibilityVersion = "Xcode 8.0";
			developmentRegion = en;
			hasScannedForEncodings = 0;
			knownRegions = (
				en,
				Base,
			);
			mainGroup = 40704B631FD09C1000496AEC;
			productRefGroup = 40704B6D1FD09C1000496AEC /* Products */;
			projectDirPath = "";
			projectRoot = "";
			targets = (
				40704B6B1FD09C1000496AEC /* euskoeventsSusana */,
			);
		};
/* End PBXProject section */

/* Begin PBXResourcesBuildPhase section */
		40704B6A1FD09C1000496AEC /* Resources */ = {
			isa = PBXResourcesBuildPhase;
			buildActionMask = 2147483647;
			files = (
				40704B7A1FD09C1000496AEC /* LaunchScreen.storyboard in Resources */,
				40704B771FD09C1000496AEC /* Assets.xcassets in Resources */,
				40704B751FD09C1000496AEC /* Main.storyboard in Resources */,
			);
			runOnlyForDeploymentPostprocessing = 0;
		};
/* End PBXResourcesBuildPhase section */

/* Begin PBXShellScriptBuildPhase section */
		9667B1FB8CEAEF638567B31A /* [CP] Check Pods Manifest.lock */ = {
			isa = PBXShellScriptBuildPhase;
			buildActionMask = 2147483647;
			files = (
			);
			inputPaths = (
				"${PODS_PODFILE_DIR_PATH}/Podfile.lock",
				"${PODS_ROOT}/Manifest.lock",
			);
			name = "[CP] Check Pods Manifest.lock";
			outputPaths = (
				"$(DERIVED_FILE_DIR)/Pods-euskoeventsSusana-checkManifestLockResult.txt",
			);
			runOnlyForDeploymentPostprocessing = 0;
			shellPath = /bin/sh;
			shellScript = "diff \"${PODS_PODFILE_DIR_PATH}/Podfile.lock\" \"${PODS_ROOT}/Manifest.lock\" > /dev/null\nif [ $? != 0 ] ; then\n    # print error to STDERR\n    echo \"error: The sandbox is not in sync with the Podfile.lock. Run 'pod install' or update your CocoaPods installation.\" >&2\n    exit 1\nfi\n# This output is used by Xcode 'outputs' to avoid re-running this script phase.\necho \"SUCCESS\" > \"${SCRIPT_OUTPUT_FILE_0}\"\n";
			showEnvVarsInLog = 0;
		};
		CCB63D7AC9F10BE7E4530ABF /* [CP] Embed Pods Frameworks */ = {
			isa = PBXShellScriptBuildPhase;
			buildActionMask = 2147483647;
			files = (
			);
			inputPaths = (
				"${SRCROOT}/Pods/Target Support Files/Pods-euskoeventsSusana/Pods-euskoeventsSusana-frameworks.sh",
				"${BUILT_PRODUCTS_DIR}/Alamofire/Alamofire.framework",
				"${BUILT_PRODUCTS_DIR}/Eureka/Eureka.framework",
				"${BUILT_PRODUCTS_DIR}/SwiftyJSON/SwiftyJSON.framework",
			);
			name = "[CP] Embed Pods Frameworks";
			outputPaths = (
				"${TARGET_BUILD_DIR}/${FRAMEWORKS_FOLDER_PATH}/Alamofire.framework",
				"${TARGET_BUILD_DIR}/${FRAMEWORKS_FOLDER_PATH}/Eureka.framework",
				"${TARGET_BUILD_DIR}/${FRAMEWORKS_FOLDER_PATH}/SwiftyJSON.framework",
			);
			runOnlyForDeploymentPostprocessing = 0;
			shellPath = /bin/sh;
			shellScript = "\"${SRCROOT}/Pods/Target Support Files/Pods-euskoeventsSusana/Pods-euskoeventsSusana-frameworks.sh\"\n";
			showEnvVarsInLog = 0;
		};
		E86FA6CFB9AA12DDDB8AD069 /* [CP] Copy Pods Resources */ = {
			isa = PBXShellScriptBuildPhase;
			buildActionMask = 2147483647;
			files = (
			);
			inputPaths = (
			);
			name = "[CP] Copy Pods Resources";
			outputPaths = (
			);
			runOnlyForDeploymentPostprocessing = 0;
			shellPath = /bin/sh;
			shellScript = "\"${SRCROOT}/Pods/Target Support Files/Pods-euskoeventsSusana/Pods-euskoeventsSusana-resources.sh\"\n";
			showEnvVarsInLog = 0;
		};
/* End PBXShellScriptBuildPhase section */

/* Begin PBXSourcesBuildPhase section */
		40704B681FD09C1000496AEC /* Sources */ = {
			isa = PBXSourcesBuildPhase;
			buildActionMask = 2147483647;
			files = (
				40704B721FD09C1000496AEC /* ViewController.swift in Sources */,
				40704B701FD09C1000496AEC /* AppDelegate.swift in Sources */,
			);
			runOnlyForDeploymentPostprocessing = 0;
		};
/* End PBXSourcesBuildPhase section */

/* Begin PBXVariantGroup section */
		40704B731FD09C1000496AEC /* Main.storyboard */ = {
			isa = PBXVariantGroup;
			children = (
				40704B741FD09C1000496AEC /* Base */,
			);
			name = Main.storyboard;
			sourceTree = "<group>";
		};
		40704B781FD09C1000496AEC /* LaunchScreen.storyboard */ = {
			isa = PBXVariantGroup;
			children = (
				40704B791FD09C1000496AEC /* Base */,
			);
			name = LaunchScreen.storyboard;
			sourceTree = "<group>";
		};
/* End PBXVariantGroup section */

/* Begin XCBuildConfiguration section */
		40704B7C1FD09C1000496AEC /* Debug */ = {
			isa = XCBuildConfiguration;
			buildSettings = {
				ALWAYS_SEARCH_USER_PATHS = NO;
				CLANG_ANALYZER_NONNULL = YES;
				CLANG_ANALYZER_NUMBER_OBJECT_CONVERSION = YES_AGGRESSIVE;
				CLANG_CXX_LANGUAGE_STANDARD = "gnu++14";
				CLANG_CXX_LIBRARY = "libc++";
				CLANG_ENABLE_MODULES = YES;
				CLANG_ENABLE_OBJC_ARC = YES;
				CLANG_WARN_BLOCK_CAPTURE_AUTORELEASING = YES;
				CLANG_WARN_BOOL_CONVERSION = YES;
				CLANG_WARN_COMMA = YES;
				CLANG_WARN_CONSTANT_CONVERSION = YES;
				CLANG_WARN_DIRECT_OBJC_ISA_USAGE = YES_ERROR;
				CLANG_WARN_DOCUMENTATION_COMMENTS = YES;
				CLANG_WARN_EMPTY_BODY = YES;
				CLANG_WARN_ENUM_CONVERSION = YES;
				CLANG_WARN_INFINITE_RECURSION = YES;
				CLANG_WARN_INT_CONVERSION = YES;
				CLANG_WARN_NON_LITERAL_NULL_CONVERSION = YES;
				CLANG_WARN_OBJC_LITERAL_CONVERSION = YES;
				CLANG_WARN_OBJC_ROOT_CLASS = YES_ERROR;
				CLANG_WARN_RANGE_LOOP_ANALYSIS = YES;
				CLANG_WARN_STRICT_PROTOTYPES = YES;
				CLANG_WARN_SUSPICIOUS_MOVE = YES;
				CLANG_WARN_UNGUARDED_AVAILABILITY = YES_AGGRESSIVE;
				CLANG_WARN_UNREACHABLE_CODE = YES;
				CLANG_WARN__DUPLICATE_METHOD_MATCH = YES;
				CODE_SIGN_IDENTITY = "iPhone Developer";
				COPY_PHASE_STRIP = NO;
				DEBUG_INFORMATION_FORMAT = dwarf;
				ENABLE_STRICT_OBJC_MSGSEND = YES;
				ENABLE_TESTABILITY = YES;
				GCC_C_LANGUAGE_STANDARD = gnu11;
				GCC_DYNAMIC_NO_PIC = NO;
				GCC_NO_COMMON_BLOCKS = YES;
				GCC_OPTIMIZATION_LEVEL = 0;
				GCC_PREPROCESSOR_DEFINITIONS = (
					"DEBUG=1",
					"$(inherited)",
				);
				GCC_WARN_64_TO_32_BIT_CONVERSION = YES;
				GCC_WARN_ABOUT_RETURN_TYPE = YES_ERROR;
				GCC_WARN_UNDECLARED_SELECTOR = YES;
				GCC_WARN_UNINITIALIZED_AUTOS = YES_AGGRESSIVE;
				GCC_WARN_UNUSED_FUNCTION = YES;
				GCC_WARN_UNUSED_VARIABLE = YES;
				IPHONEOS_DEPLOYMENT_TARGET = 11.1;
				MTL_ENABLE_DEBUG_INFO = YES;
				ONLY_ACTIVE_ARCH = YES;
				SDKROOT = iphoneos;
				SWIFT_ACTIVE_COMPILATION_CONDITIONS = DEBUG;
				SWIFT_OPTIMIZATION_LEVEL = "-Onone";
			};
			name = Debug;
		};
		40704B7D1FD09C1000496AEC /* Release */ = {
			isa = XCBuildConfiguration;
			buildSettings = {
				ALWAYS_SEARCH_USER_PATHS = NO;
				CLANG_ANALYZER_NONNULL = YES;
				CLANG_ANALYZER_NUMBER_OBJECT_CONVERSION = YES_AGGRESSIVE;
				CLANG_CXX_LANGUAGE_STANDARD = "gnu++14";
				CLANG_CXX_LIBRARY = "libc++";
				CLANG_ENABLE_MODULES = YES;
				CLANG_ENABLE_OBJC_ARC = YES;
				CLANG_WARN_BLOCK_CAPTURE_AUTORELEASING = YES;
				CLANG_WARN_BOOL_CONVERSION = YES;
				CLANG_WARN_COMMA = YES;
				CLANG_WARN_CONSTANT_CONVERSION = YES;
				CLANG_WARN_DIRECT_OBJC_ISA_USAGE = YES_ERROR;
				CLANG_WARN_DOCUMENTATION_COMMENTS = YES;
				CLANG_WARN_EMPTY_BODY = YES;
				CLANG_WARN_ENUM_CONVERSION = YES;
				CLANG_WARN_INFINITE_RECURSION = YES;
				CLANG_WARN_INT_CONVERSION = YES;
				CLANG_WARN_NON_LITERAL_NULL_CONVERSION = YES;
				CLANG_WARN_OBJC_LITERAL_CONVERSION = YES;
				CLANG_WARN_OBJC_ROOT_CLASS = YES_ERROR;
				CLANG_WARN_RANGE_LOOP_ANALYSIS = YES;
				CLANG_WARN_STRICT_PROTOTYPES = YES;
				CLANG_WARN_SUSPICIOUS_MOVE = YES;
				CLANG_WARN_UNGUARDED_AVAILABILITY = YES_AGGRESSIVE;
				CLANG_WARN_UNREACHABLE_CODE = YES;
				CLANG_WARN__DUPLICATE_METHOD_MATCH = YES;
				CODE_SIGN_IDENTITY = "iPhone Developer";
				COPY_PHASE_STRIP = NO;
				DEBUG_INFORMATION_FORMAT = "dwarf-with-dsym";
				ENABLE_NS_ASSERTIONS = NO;
				ENABLE_STRICT_OBJC_MSGSEND = YES;
				GCC_C_LANGUAGE_STANDARD = gnu11;
				GCC_NO_COMMON_BLOCKS = YES;
				GCC_WARN_64_TO_32_BIT_CONVERSION = YES;
				GCC_WARN_ABOUT_RETURN_TYPE = YES_ERROR;
				GCC_WARN_UNDECLARED_SELECTOR = YES;
				GCC_WARN_UNINITIALIZED_AUTOS = YES_AGGRESSIVE;
				GCC_WARN_UNUSED_FUNCTION = YES;
				GCC_WARN_UNUSED_VARIABLE = YES;
				IPHONEOS_DEPLOYMENT_TARGET = 11.1;
				MTL_ENABLE_DEBUG_INFO = NO;
				SDKROOT = iphoneos;
				SWIFT_OPTIMIZATION_LEVEL = "-Owholemodule";
				VALIDATE_PRODUCT = YES;
			};
			name = Release;
		};
		40704B7F1FD09C1000496AEC /* Debug */ = {
			isa = XCBuildConfiguration;
			baseConfigurationReference = 2A103D5E46D1375991A97B5B /* Pods-euskoeventsSusana.debug.xcconfig */;
			buildSettings = {
				ASSETCATALOG_COMPILER_APPICON_NAME = AppIcon;
				"CODE_SIGN_IDENTITY[sdk=iphoneos*]" = "iPhone Developer";
				CODE_SIGN_STYLE = Automatic;
				DEVELOPMENT_TEAM = "";
				INFOPLIST_FILE = euskoeventsSusana/Info.plist;
				LD_RUNPATH_SEARCH_PATHS = "$(inherited) @executable_path/Frameworks";
				PRODUCT_BUNDLE_IDENTIFIER = org.susana.euskoeventsSusana;
				PRODUCT_NAME = "$(TARGET_NAME)";
				PROVISIONING_PROFILE_SPECIFIER = "";
				SWIFT_VERSION = 4.0;
				TARGETED_DEVICE_FAMILY = "1,2";
			};
			name = Debug;
		};
		40704B801FD09C1000496AEC /* Release */ = {
			isa = XCBuildConfiguration;
			baseConfigurationReference = CF445AEF8FC80CA1657388F5 /* Pods-euskoeventsSusana.release.xcconfig */;
			buildSettings = {
				ASSETCATALOG_COMPILER_APPICON_NAME = AppIcon;
				"CODE_SIGN_IDENTITY[sdk=iphoneos*]" = "iPhone Developer";
				CODE_SIGN_STYLE = Automatic;
				DEVELOPMENT_TEAM = "";
				INFOPLIST_FILE = euskoeventsSusana/Info.plist;
				LD_RUNPATH_SEARCH_PATHS = "$(inherited) @executable_path/Frameworks";
				PRODUCT_BUNDLE_IDENTIFIER = org.susana.euskoeventsSusana;
				PRODUCT_NAME = "$(TARGET_NAME)";
				PROVISIONING_PROFILE_SPECIFIER = "";
				SWIFT_VERSION = 4.0;
				TARGETED_DEVICE_FAMILY = "1,2";
			};
			name = Release;
		};
/* End XCBuildConfiguration section */

/* Begin XCConfigurationList section */
		40704B671FD09C1000496AEC /* Build configuration list for PBXProject "euskoeventsSusana" */ = {
			isa = XCConfigurationList;
			buildConfigurations = (
				40704B7C1FD09C1000496AEC /* Debug */,
				40704B7D1FD09C1000496AEC /* Release */,
			);
			defaultConfigurationIsVisible = 0;
			defaultConfigurationName = Release;
		};
		40704B7E1FD09C1000496AEC /* Build configuration list for PBXNativeTarget "euskoeventsSusana" */ = {
			isa = XCConfigurationList;
			buildConfigurations = (
				40704B7F1FD09C1000496AEC /* Debug */,
				40704B801FD09C1000496AEC /* Release */,
			);
			defaultConfigurationIsVisible = 0;
			defaultConfigurationName = Release;
		};
/* End XCConfigurationList section */
	};
	rootObject = 40704B641FD09C1000496AEC /* Project object */;
}
